
Microsoft Visual Studio Solution File, Format Version 12.00
# Visual Studio Version 16
VisualStudioVersion = 16.0.29503.13
MinimumVisualStudioVersion = 10.0.40219.1
Project("{FAE04EC0-301F-11D3-BF4B-00C04F79EFBC}") = "WebSocketMessengerTest", "WebSocketMessengerTest.csproj", "{C1D8BD39-AC70-4928-A415-910A6D67D3C1}"
EndProject
Global
	GlobalSection(SolutionConfigurationPlatforms) = preSolution
		Debug|Any CPU = Debug|Any CPU
		Release|Any CPU = Release|Any CPU
	EndGlobalSection
	GlobalSection(ProjectConfigurationPlatforms) = postSolution
		{C1D8BD39-AC70-4928-A415-910A6D67D3C1}.Debug|Any CPU.ActiveCfg = Debug|Any CPU
		{C1D8BD39-AC70-4928-A415-910A6D67D3C1}.Debug|Any CPU.Build.0 = Debug|Any CPU
		{C1D8BD39-AC70-4928-A415-910A6D67D3C1}.Release|Any CPU.ActiveCfg = Release|Any CPU
		{C1D8BD39-AC70-4928-A415-910A6D67D3C1}.Release|Any CPU.Build.0 = Release|Any CPU
	EndGlobalSection
	GlobalSection(SolutionProperties) = preSolution
		HideSolutionNode = FALSE
	EndGlobalSection
	GlobalSection(ExtensibilityGlobals) = postSolution
		SolutionGuid = {0C74306F-0586-4FE1-A924-4B25683BB484}
	EndGlobalSection
EndGlobal
